{
    "_readme": [
        "This file locks the dependencies of your project to a known state",
        "Read more about it at https://getcomposer.org/doc/01-basic-usage.md#installing-dependencies",
        "This file is @generated automatically"
    ],
    "content-hash": "76723f8c1c178a138e3cd210fa2fb61c",
    "packages": [],
    "packages-dev": [
        {
            "name": "viewi/viewi",
            "version": "v0.1.4",
            "source": {
                "type": "git",
                "url": "https://github.com/viewi/viewi.git",
                "reference": "4ce80c4d276a334831ba440d89a3d3f28ddf3da7"
            },
            "dist": {
                "type": "zip",
                "url": "https://api.github.com/repos/viewi/viewi/zipball/4ce80c4d276a334831ba440d89a3d3f28ddf3da7",
                "reference": "4ce80c4d276a334831ba440d89a3d3f28ddf3da7",
                "shasum": ""
            },
            "require": {
                "php": "^7.4 || ^8.0"
            },
            "bin": [
                "bin/viewi"
            ],
            "type": "library",
            "autoload": {
                "psr-4": {
                    "Viewi\\": "src/Viewi/"
                }
            },
            "notification-url": "https://packagist.org/downloads/",
            "license": [
                "MIT"
            ],
            "description": "Powerful tool for building progressive and completely reactive web applications",
            "keywords": [
                "reactive",
                "template",
                "ui",
                "viewi"
            ],
            "support": {
                "issues": "https://github.com/viewi/viewi/issues",
                "source": "https://github.com/viewi/viewi/tree/v0.1.4"
            },
            "time": "2022-01-05T08:09:05+00:00"
        }
    ],
    "aliases": [],
    "minimum-stability": "stable",
    "stability-flags": [],
    "prefer-stable": false,
    "prefer-lowest": false,
    "platform": [],
    "platform-dev": [],
    "plugin-api-version": "2.1.0"
}
